{
    "version": 3,
    "terraform_version": "0.11.7",
    "serial": 5,
    "lineage": "977f3f09-b4ef-5c93-a41a-187e2e774105",
    "modules": [
        {
            "path": [
                "root"
            ],
            "outputs": {},
            "resources": {
                "aws_eip.elastic_ips_for_instances.0": {
                    "type": "aws_eip",
                    "depends_on": [
                        "aws_instance.spark_cluster_master",
                        "aws_instance.spark_cluster_master.*",
                        "aws_instance.spark_cluster_worker",
                        "aws_instance.spark_cluster_worker.*"
                    ],
                    "primary": {
                        "id": "eipalloc-a5596899",
                        "attributes": {
                            "association_id": "eipassoc-e97d9216",
                            "domain": "vpc",
                            "id": "eipalloc-a5596899",
                            "instance": "i-05f16a87edc00d2c7",
                            "network_interface": "eni-949dd5af",
                            "private_ip": "10.1.73.221",
                            "public_ip": "54.71.144.14",
                            "tags.%": "0",
                            "vpc": "true"
                        },
                        "meta": {
                            "e2bfb730-ecaa-11e6-8f88-34363bc7c4c0": {
                                "delete": 180000000000,
                                "read": 900000000000,
                                "update": 300000000000
                            }
                        },
                        "tainted": false
                    },
                    "deposed": [],
                    "provider": "provider.aws"
                },
                "aws_eip.elastic_ips_for_instances.1": {
                    "type": "aws_eip",
                    "depends_on": [
                        "aws_instance.spark_cluster_master",
                        "aws_instance.spark_cluster_master.*",
                        "aws_instance.spark_cluster_worker",
                        "aws_instance.spark_cluster_worker.*"
                    ],
                    "primary": {
                        "id": "eipalloc-6354655f",
                        "attributes": {
                            "association_id": "eipassoc-9e608f61",
                            "domain": "vpc",
                            "id": "eipalloc-6354655f",
                            "instance": "i-0ff6e020001420598",
                            "network_interface": "eni-269dd51d",
                            "private_ip": "10.1.114.174",
                            "public_ip": "52.25.49.235",
                            "tags.%": "0",
                            "vpc": "true"
                        },
                        "meta": {
                            "e2bfb730-ecaa-11e6-8f88-34363bc7c4c0": {
                                "delete": 180000000000,
                                "read": 900000000000,
                                "update": 300000000000
                            }
                        },
                        "tainted": false
                    },
                    "deposed": [],
                    "provider": "provider.aws"
                },
                "aws_eip.elastic_ips_for_instances.2": {
                    "type": "aws_eip",
                    "depends_on": [
                        "aws_instance.spark_cluster_master",
                        "aws_instance.spark_cluster_master.*",
                        "aws_instance.spark_cluster_worker",
                        "aws_instance.spark_cluster_worker.*"
                    ],
                    "primary": {
                        "id": "eipalloc-14566728",
                        "attributes": {
                            "association_id": "eipassoc-53618eac",
                            "domain": "vpc",
                            "id": "eipalloc-14566728",
                            "instance": "i-0c4e6bc4d873e531c",
                            "network_interface": "eni-209dd51b",
                            "private_ip": "10.1.108.52",
                            "public_ip": "52.10.27.33",
                            "tags.%": "0",
                            "vpc": "true"
                        },
                        "meta": {
                            "e2bfb730-ecaa-11e6-8f88-34363bc7c4c0": {
                                "delete": 180000000000,
                                "read": 900000000000,
                                "update": 300000000000
                            }
                        },
                        "tainted": false
                    },
                    "deposed": [],
                    "provider": "provider.aws"
                },
                "aws_eip.elastic_ips_for_instances.3": {
                    "type": "aws_eip",
                    "depends_on": [
                        "aws_instance.spark_cluster_master",
                        "aws_instance.spark_cluster_master.*",
                        "aws_instance.spark_cluster_worker",
                        "aws_instance.spark_cluster_worker.*"
                    ],
                    "primary": {
                        "id": "eipalloc-15566729",
                        "attributes": {
                            "association_id": "eipassoc-8f7d9270",
                            "domain": "vpc",
                            "id": "eipalloc-15566729",
                            "instance": "i-050474d8ccc3891da",
                            "network_interface": "eni-c99dd5f2",
                            "private_ip": "10.1.21.14",
                            "public_ip": "35.163.176.11",
                            "tags.%": "0",
                            "vpc": "true"
                        },
                        "meta": {
                            "e2bfb730-ecaa-11e6-8f88-34363bc7c4c0": {
                                "delete": 180000000000,
                                "read": 900000000000,
                                "update": 300000000000
                            }
                        },
                        "tainted": false
                    },
                    "deposed": [],
                    "provider": "provider.aws"
                },
                "aws_instance.spark_cluster_master": {
                    "type": "aws_instance",
                    "depends_on": [
                        "module.security_group_network",
                        "module.subnet_network"
                    ],
                    "primary": {
                        "id": "i-05f16a87edc00d2c7",
                        "attributes": {
                            "ami": "ami-833e60fb",
                            "associate_public_ip_address": "true",
                            "availability_zone": "us-west-2a",
                            "cpu_core_count": "1",
                            "cpu_threads_per_core": "2",
                            "credit_specification.#": "1",
                            "credit_specification.0.cpu_credits": "standard",
                            "disable_api_termination": "false",
                            "ebs_block_device.#": "0",
                            "ebs_optimized": "false",
                            "ephemeral_block_device.#": "0",
                            "get_password_data": "false",
                            "iam_instance_profile": "",
                            "id": "i-05f16a87edc00d2c7",
                            "instance_state": "running",
                            "instance_type": "m4.large",
                            "ipv6_addresses.#": "0",
                            "key_name": "kksante-IAM-keypair",
                            "monitoring": "false",
                            "network_interface.#": "0",
                            "network_interface_id": "eni-949dd5af",
                            "password_data": "",
                            "placement_group": "",
                            "primary_network_interface_id": "eni-949dd5af",
                            "private_dns": "ip-10-1-73-221.us-west-2.compute.internal",
                            "private_ip": "10.1.73.221",
                            "public_dns": "ec2-54-71-144-14.us-west-2.compute.amazonaws.com",
                            "public_ip": "54.71.144.14",
                            "root_block_device.#": "1",
                            "root_block_device.0.delete_on_termination": "true",
                            "root_block_device.0.iops": "0",
                            "root_block_device.0.volume_id": "vol-04b2c7c2ba2ff462d",
                            "root_block_device.0.volume_size": "100",
                            "root_block_device.0.volume_type": "standard",
                            "security_groups.#": "0",
                            "source_dest_check": "true",
                            "subnet_id": "subnet-75541f0c",
                            "tags.%": "6",
                            "tags.Cluster": "hadoop",
                            "tags.ClusterRole": "master",
                            "tags.Environment": "dev",
                            "tags.Name": "spark_cluster-master-0",
                            "tags.Owner": "kksante",
                            "tags.Terraform": "true",
                            "tenancy": "default",
                            "volume_tags.%": "0",
                            "vpc_security_group_ids.#": "1",
                            "vpc_security_group_ids.3481736931": "sg-6f828f1f"
                        },
                        "meta": {
                            "e2bfb730-ecaa-11e6-8f88-34363bc7c4c0": {
                                "create": 600000000000,
                                "delete": 1200000000000,
                                "update": 600000000000
                            },
                            "schema_version": "1"
                        },
                        "tainted": false
                    },
                    "deposed": [],
                    "provider": "provider.aws"
                },
                "aws_instance.spark_cluster_worker.0": {
                    "type": "aws_instance",
                    "depends_on": [
                        "module.security_group_network",
                        "module.subnet_network"
                    ],
                    "primary": {
                        "id": "i-0ff6e020001420598",
                        "attributes": {
                            "ami": "ami-833e60fb",
                            "associate_public_ip_address": "true",
                            "availability_zone": "us-west-2a",
                            "cpu_core_count": "1",
                            "cpu_threads_per_core": "2",
                            "credit_specification.#": "1",
                            "credit_specification.0.cpu_credits": "standard",
                            "disable_api_termination": "false",
                            "ebs_block_device.#": "0",
                            "ebs_optimized": "false",
                            "ephemeral_block_device.#": "0",
                            "get_password_data": "false",
                            "iam_instance_profile": "",
                            "id": "i-0ff6e020001420598",
                            "instance_state": "running",
                            "instance_type": "m4.large",
                            "ipv6_addresses.#": "0",
                            "key_name": "kksante-IAM-keypair",
                            "monitoring": "false",
                            "network_interface.#": "0",
                            "network_interface_id": "eni-269dd51d",
                            "password_data": "",
                            "placement_group": "",
                            "primary_network_interface_id": "eni-269dd51d",
                            "private_dns": "ip-10-1-114-174.us-west-2.compute.internal",
                            "private_ip": "10.1.114.174",
                            "public_dns": "ec2-52-25-49-235.us-west-2.compute.amazonaws.com",
                            "public_ip": "52.25.49.235",
                            "root_block_device.#": "1",
                            "root_block_device.0.delete_on_termination": "true",
                            "root_block_device.0.iops": "0",
                            "root_block_device.0.volume_id": "vol-0f4100fbce8f29f4c",
                            "root_block_device.0.volume_size": "100",
                            "root_block_device.0.volume_type": "standard",
                            "security_groups.#": "0",
                            "source_dest_check": "true",
                            "subnet_id": "subnet-75541f0c",
                            "tags.%": "6",
                            "tags.Cluster": "hadoop",
                            "tags.ClusterRole": "worker",
                            "tags.Environment": "dev",
                            "tags.Name": "spark_cluster-worker-0",
                            "tags.Owner": "kksante",
                            "tags.Terraform": "true",
                            "tenancy": "default",
                            "volume_tags.%": "0",
                            "vpc_security_group_ids.#": "1",
                            "vpc_security_group_ids.3481736931": "sg-6f828f1f"
                        },
                        "meta": {
                            "e2bfb730-ecaa-11e6-8f88-34363bc7c4c0": {
                                "create": 600000000000,
                                "delete": 1200000000000,
                                "update": 600000000000
                            },
                            "schema_version": "1"
                        },
                        "tainted": false
                    },
                    "deposed": [],
                    "provider": "provider.aws"
                },
                "aws_instance.spark_cluster_worker.1": {
                    "type": "aws_instance",
                    "depends_on": [
                        "module.security_group_network",
                        "module.subnet_network"
                    ],
                    "primary": {
                        "id": "i-0c4e6bc4d873e531c",
                        "attributes": {
                            "ami": "ami-833e60fb",
                            "associate_public_ip_address": "true",
                            "availability_zone": "us-west-2a",
                            "cpu_core_count": "1",
                            "cpu_threads_per_core": "2",
                            "credit_specification.#": "1",
                            "credit_specification.0.cpu_credits": "standard",
                            "disable_api_termination": "false",
                            "ebs_block_device.#": "0",
                            "ebs_optimized": "false",
                            "ephemeral_block_device.#": "0",
                            "get_password_data": "false",
                            "iam_instance_profile": "",
                            "id": "i-0c4e6bc4d873e531c",
                            "instance_state": "running",
                            "instance_type": "m4.large",
                            "ipv6_addresses.#": "0",
                            "key_name": "kksante-IAM-keypair",
                            "monitoring": "false",
                            "network_interface.#": "0",
                            "network_interface_id": "eni-209dd51b",
                            "password_data": "",
                            "placement_group": "",
                            "primary_network_interface_id": "eni-209dd51b",
                            "private_dns": "ip-10-1-108-52.us-west-2.compute.internal",
                            "private_ip": "10.1.108.52",
                            "public_dns": "ec2-52-10-27-33.us-west-2.compute.amazonaws.com",
                            "public_ip": "52.10.27.33",
                            "root_block_device.#": "1",
                            "root_block_device.0.delete_on_termination": "true",
                            "root_block_device.0.iops": "0",
                            "root_block_device.0.volume_id": "vol-08460b4a43186693f",
                            "root_block_device.0.volume_size": "100",
                            "root_block_device.0.volume_type": "standard",
                            "security_groups.#": "0",
                            "source_dest_check": "true",
                            "subnet_id": "subnet-75541f0c",
                            "tags.%": "6",
                            "tags.Cluster": "hadoop",
                            "tags.ClusterRole": "worker",
                            "tags.Environment": "dev",
                            "tags.Name": "spark_cluster-worker-1",
                            "tags.Owner": "kksante",
                            "tags.Terraform": "true",
                            "tenancy": "default",
                            "volume_tags.%": "0",
                            "vpc_security_group_ids.#": "1",
                            "vpc_security_group_ids.3481736931": "sg-6f828f1f"
                        },
                        "meta": {
                            "e2bfb730-ecaa-11e6-8f88-34363bc7c4c0": {
                                "create": 600000000000,
                                "delete": 1200000000000,
                                "update": 600000000000
                            },
                            "schema_version": "1"
                        },
                        "tainted": false
                    },
                    "deposed": [],
                    "provider": "provider.aws"
                },
                "aws_instance.spark_cluster_worker.2": {
                    "type": "aws_instance",
                    "depends_on": [
                        "module.security_group_network",
                        "module.subnet_network"
                    ],
                    "primary": {
                        "id": "i-050474d8ccc3891da",
                        "attributes": {
                            "ami": "ami-833e60fb",
                            "associate_public_ip_address": "true",
                            "availability_zone": "us-west-2a",
                            "cpu_core_count": "1",
                            "cpu_threads_per_core": "2",
                            "credit_specification.#": "1",
                            "credit_specification.0.cpu_credits": "standard",
                            "disable_api_termination": "false",
                            "ebs_block_device.#": "0",
                            "ebs_optimized": "false",
                            "ephemeral_block_device.#": "0",
                            "get_password_data": "false",
                            "iam_instance_profile": "",
                            "id": "i-050474d8ccc3891da",
                            "instance_state": "running",
                            "instance_type": "m4.large",
                            "ipv6_addresses.#": "0",
                            "key_name": "kksante-IAM-keypair",
                            "monitoring": "false",
                            "network_interface.#": "0",
                            "network_interface_id": "eni-c99dd5f2",
                            "password_data": "",
                            "placement_group": "",
                            "primary_network_interface_id": "eni-c99dd5f2",
                            "private_dns": "ip-10-1-21-14.us-west-2.compute.internal",
                            "private_ip": "10.1.21.14",
                            "public_dns": "ec2-35-163-176-11.us-west-2.compute.amazonaws.com",
                            "public_ip": "35.163.176.11",
                            "root_block_device.#": "1",
                            "root_block_device.0.delete_on_termination": "true",
                            "root_block_device.0.iops": "0",
                            "root_block_device.0.volume_id": "vol-02d188329d730d470",
                            "root_block_device.0.volume_size": "100",
                            "root_block_device.0.volume_type": "standard",
                            "security_groups.#": "0",
                            "source_dest_check": "true",
                            "subnet_id": "subnet-75541f0c",
                            "tags.%": "6",
                            "tags.Cluster": "hadoop",
                            "tags.ClusterRole": "worker",
                            "tags.Environment": "dev",
                            "tags.Name": "spark_cluster-worker-2",
                            "tags.Owner": "kksante",
                            "tags.Terraform": "true",
                            "tenancy": "default",
                            "volume_tags.%": "0",
                            "vpc_security_group_ids.#": "1",
                            "vpc_security_group_ids.3481736931": "sg-6f828f1f"
                        },
                        "meta": {
                            "e2bfb730-ecaa-11e6-8f88-34363bc7c4c0": {
                                "create": 600000000000,
                                "delete": 1200000000000,
                                "update": 600000000000
                            },
                            "schema_version": "1"
                        },
                        "tainted": false
                    },
                    "deposed": [],
                    "provider": "provider.aws"
                }
            },
            "depends_on": []
        },
        {
            "path": [
                "root",
                "igw_network"
            ],
            "outputs": {
                "igw_id": {
                    "sensitive": false,
                    "type": "string",
                    "value": "igw-e9ccee8f"
                }
            },
            "resources": {
                "aws_internet_gateway.igw": {
                    "type": "aws_internet_gateway",
                    "depends_on": [],
                    "primary": {
                        "id": "igw-e9ccee8f",
                        "attributes": {
                            "id": "igw-e9ccee8f",
                            "tags.%": "2",
                            "tags.Environment": "dev",
                            "tags.Name": "dev-igw",
                            "vpc_id": "vpc-a631cede"
                        },
                        "meta": {},
                        "tainted": false
                    },
                    "deposed": [],
                    "provider": "provider.aws"
                }
            },
            "depends_on": []
        },
        {
            "path": [
                "root",
                "route_table_network"
            ],
            "outputs": {
                "private_rt_id": {
                    "sensitive": false,
                    "type": "string",
                    "value": "rtb-5db46a26"
                },
                "public_rt_id": {
                    "sensitive": false,
                    "type": "string",
                    "value": "rtb-cfb06eb4"
                }
            },
            "resources": {
                "aws_route_table.private_route_table": {
                    "type": "aws_route_table",
                    "depends_on": [],
                    "primary": {
                        "id": "rtb-5db46a26",
                        "attributes": {
                            "id": "rtb-5db46a26",
                            "propagating_vgws.#": "0",
                            "route.#": "0",
                            "tags.%": "3",
                            "tags.Environment": "dev",
                            "tags.Name": "dev-private-route-table",
                            "tags.Type": "public",
                            "vpc_id": "vpc-a631cede"
                        },
                        "meta": {},
                        "tainted": false
                    },
                    "deposed": [],
                    "provider": "provider.aws"
                },
                "aws_route_table.public_route_table": {
                    "type": "aws_route_table",
                    "depends_on": [],
                    "primary": {
                        "id": "rtb-cfb06eb4",
                        "attributes": {
                            "id": "rtb-cfb06eb4",
                            "propagating_vgws.#": "0",
                            "route.#": "1",
                            "route.453858880.cidr_block": "0.0.0.0/0",
                            "route.453858880.egress_only_gateway_id": "",
                            "route.453858880.gateway_id": "igw-e9ccee8f",
                            "route.453858880.instance_id": "",
                            "route.453858880.ipv6_cidr_block": "",
                            "route.453858880.nat_gateway_id": "",
                            "route.453858880.network_interface_id": "",
                            "route.453858880.vpc_peering_connection_id": "",
                            "tags.%": "3",
                            "tags.Environment": "dev",
                            "tags.Name": "dev-public-route-table",
                            "tags.Type": "public",
                            "vpc_id": "vpc-a631cede"
                        },
                        "meta": {},
                        "tainted": false
                    },
                    "deposed": [],
                    "provider": "provider.aws"
                }
            },
            "depends_on": []
        },
        {
            "path": [
                "root",
                "security_group_network"
            ],
            "outputs": {
                "spark_cluster_sg_id": {
                    "sensitive": false,
                    "type": "string",
                    "value": "sg-6f828f1f"
                }
            },
            "resources": {
                "aws_security_group.spark_cluster_sec_group": {
                    "type": "aws_security_group",
                    "depends_on": [],
                    "primary": {
                        "id": "sg-6f828f1f",
                        "attributes": {
                            "arn": "arn:aws:ec2:us-west-2:013352112731:security-group/sg-6f828f1f",
                            "description": "Managed by Terraform",
                            "egress.#": "1",
                            "egress.482069346.cidr_blocks.#": "1",
                            "egress.482069346.cidr_blocks.0": "0.0.0.0/0",
                            "egress.482069346.description": "",
                            "egress.482069346.from_port": "0",
                            "egress.482069346.ipv6_cidr_blocks.#": "0",
                            "egress.482069346.prefix_list_ids.#": "0",
                            "egress.482069346.protocol": "-1",
                            "egress.482069346.security_groups.#": "0",
                            "egress.482069346.self": "false",
                            "egress.482069346.to_port": "0",
                            "id": "sg-6f828f1f",
                            "ingress.#": "1",
                            "ingress.2510676008.cidr_blocks.#": "1",
                            "ingress.2510676008.cidr_blocks.0": "0.0.0.0/0",
                            "ingress.2510676008.description": "",
                            "ingress.2510676008.from_port": "0",
                            "ingress.2510676008.ipv6_cidr_blocks.#": "0",
                            "ingress.2510676008.protocol": "-1",
                            "ingress.2510676008.security_groups.#": "0",
                            "ingress.2510676008.self": "true",
                            "ingress.2510676008.to_port": "0",
                            "name": "dev-spark-cluster-sec-group",
                            "owner_id": "013352112731",
                            "revoke_rules_on_delete": "false",
                            "tags.%": "3",
                            "tags.Environment": "dev",
                            "tags.Name": "dev-spark-sec-group",
                            "tags.Type": "public",
                            "vpc_id": "vpc-a631cede"
                        },
                        "meta": {
                            "e2bfb730-ecaa-11e6-8f88-34363bc7c4c0": {
                                "create": 600000000000,
                                "delete": 600000000000
                            },
                            "schema_version": "1"
                        },
                        "tainted": false
                    },
                    "deposed": [],
                    "provider": "provider.aws"
                },
                "aws_security_group_rule.allow_all": {
                    "type": "aws_security_group_rule",
                    "depends_on": [
                        "aws_security_group.spark_cluster_sec_group"
                    ],
                    "primary": {
                        "id": "sgrule-3462231021",
                        "attributes": {
                            "cidr_blocks.#": "0",
                            "description": "",
                            "from_port": "0",
                            "id": "sgrule-3462231021",
                            "ipv6_cidr_blocks.#": "0",
                            "prefix_list_ids.#": "0",
                            "protocol": "-1",
                            "security_group_id": "sg-6f828f1f",
                            "self": "false",
                            "source_security_group_id": "sg-6f828f1f",
                            "to_port": "65535",
                            "type": "ingress"
                        },
                        "meta": {
                            "schema_version": "2"
                        },
                        "tainted": false
                    },
                    "deposed": [],
                    "provider": "provider.aws"
                },
                "aws_security_group_rule.allow_egress": {
                    "type": "aws_security_group_rule",
                    "depends_on": [
                        "aws_security_group.spark_cluster_sec_group"
                    ],
                    "primary": {
                        "id": "sgrule-96249888",
                        "attributes": {
                            "cidr_blocks.#": "1",
                            "cidr_blocks.0": "0.0.0.0/0",
                            "description": "",
                            "from_port": "0",
                            "id": "sgrule-96249888",
                            "ipv6_cidr_blocks.#": "0",
                            "prefix_list_ids.#": "0",
                            "protocol": "-1",
                            "security_group_id": "sg-6f828f1f",
                            "self": "false",
                            "to_port": "0",
                            "type": "egress"
                        },
                        "meta": {
                            "schema_version": "2"
                        },
                        "tainted": false
                    },
                    "deposed": [],
                    "provider": "provider.aws"
                },
                "aws_security_group_rule.allow_ssh": {
                    "type": "aws_security_group_rule",
                    "depends_on": [
                        "aws_security_group.spark_cluster_sec_group"
                    ],
                    "primary": {
                        "id": "sgrule-1588043813",
                        "attributes": {
                            "cidr_blocks.#": "1",
                            "cidr_blocks.0": "0.0.0.0/0",
                            "description": "",
                            "from_port": "22",
                            "id": "sgrule-1588043813",
                            "ipv6_cidr_blocks.#": "0",
                            "prefix_list_ids.#": "0",
                            "protocol": "-1",
                            "security_group_id": "sg-6f828f1f",
                            "self": "false",
                            "to_port": "22",
                            "type": "ingress"
                        },
                        "meta": {
                            "schema_version": "2"
                        },
                        "tainted": false
                    },
                    "deposed": [],
                    "provider": "provider.aws"
                }
            },
            "depends_on": []
        },
        {
            "path": [
                "root",
                "subnet_network"
            ],
            "outputs": {
                "private_subnet_cidr_block": {
                    "sensitive": false,
                    "type": "string",
                    "value": "10.1.128.0/17"
                },
                "private_subnet_id": {
                    "sensitive": false,
                    "type": "string",
                    "value": "subnet-7659120f"
                },
                "public_subnet_cidr_block": {
                    "sensitive": false,
                    "type": "string",
                    "value": "10.1.0.0/17"
                },
                "public_subnet_id": {
                    "sensitive": false,
                    "type": "string",
                    "value": "subnet-75541f0c"
                }
            },
            "resources": {
                "aws_route_table_association.private_subnet": {
                    "type": "aws_route_table_association",
                    "depends_on": [
                        "aws_subnet.private_subnet"
                    ],
                    "primary": {
                        "id": "rtbassoc-2f932052",
                        "attributes": {
                            "id": "rtbassoc-2f932052",
                            "route_table_id": "rtb-5db46a26",
                            "subnet_id": "subnet-7659120f"
                        },
                        "meta": {},
                        "tainted": false
                    },
                    "deposed": [],
                    "provider": "provider.aws"
                },
                "aws_route_table_association.public_subnet": {
                    "type": "aws_route_table_association",
                    "depends_on": [
                        "aws_subnet.public_subnet"
                    ],
                    "primary": {
                        "id": "rtbassoc-5c962521",
                        "attributes": {
                            "id": "rtbassoc-5c962521",
                            "route_table_id": "rtb-cfb06eb4",
                            "subnet_id": "subnet-75541f0c"
                        },
                        "meta": {},
                        "tainted": false
                    },
                    "deposed": [],
                    "provider": "provider.aws"
                },
                "aws_subnet.private_subnet": {
                    "type": "aws_subnet",
                    "depends_on": [],
                    "primary": {
                        "id": "subnet-7659120f",
                        "attributes": {
                            "assign_ipv6_address_on_creation": "false",
                            "availability_zone": "us-west-2a",
                            "cidr_block": "10.1.128.0/17",
                            "id": "subnet-7659120f",
                            "map_public_ip_on_launch": "false",
                            "tags.%": "3",
                            "tags.Environment": "dev",
                            "tags.Name": "dev-private-subnet",
                            "tags.Type": "private",
                            "vpc_id": "vpc-a631cede"
                        },
                        "meta": {
                            "schema_version": "1"
                        },
                        "tainted": false
                    },
                    "deposed": [],
                    "provider": "provider.aws"
                },
                "aws_subnet.public_subnet": {
                    "type": "aws_subnet",
                    "depends_on": [],
                    "primary": {
                        "id": "subnet-75541f0c",
                        "attributes": {
                            "assign_ipv6_address_on_creation": "false",
                            "availability_zone": "us-west-2a",
                            "cidr_block": "10.1.0.0/17",
                            "id": "subnet-75541f0c",
                            "map_public_ip_on_launch": "false",
                            "tags.%": "3",
                            "tags.Environment": "dev",
                            "tags.Name": "dev-public-subnet",
                            "tags.Type": "public",
                            "vpc_id": "vpc-a631cede"
                        },
                        "meta": {
                            "schema_version": "1"
                        },
                        "tainted": false
                    },
                    "deposed": [],
                    "provider": "provider.aws"
                }
            },
            "depends_on": []
        },
        {
            "path": [
                "root",
                "vpc_network"
            ],
            "outputs": {
                "vpc_cidr_prefix": {
                    "sensitive": false,
                    "type": "string",
                    "value": "10.1"
                },
                "vpc_id": {
                    "sensitive": false,
                    "type": "string",
                    "value": "vpc-a631cede"
                }
            },
            "resources": {
                "aws_vpc.project_vpc": {
                    "type": "aws_vpc",
                    "depends_on": [],
                    "primary": {
                        "id": "vpc-a631cede",
                        "attributes": {
                            "arn": "arn:aws:ec2:us-west-2:013352112731:vpc/vpc-a631cede",
                            "assign_generated_ipv6_cidr_block": "false",
                            "cidr_block": "10.1.0.0/16",
                            "default_network_acl_id": "acl-978addef",
                            "default_route_table_id": "rtb-26aa745d",
                            "default_security_group_id": "sg-b3828fc3",
                            "dhcp_options_id": "dopt-0d303074",
                            "enable_classiclink": "false",
                            "enable_classiclink_dns_support": "false",
                            "enable_dns_hostnames": "true",
                            "enable_dns_support": "true",
                            "id": "vpc-a631cede",
                            "instance_tenancy": "default",
                            "main_route_table_id": "rtb-26aa745d",
                            "tags.%": "2",
                            "tags.Environment": "dev",
                            "tags.Name": "dev-vpc"
                        },
                        "meta": {
                            "schema_version": "1"
                        },
                        "tainted": false
                    },
                    "deposed": [],
                    "provider": "provider.aws"
                }
            },
            "depends_on": []
        }
    ]
}
